# generated by rye
# use `rye lock` or `rye sync` to update this lockfile
#
# last locked with the following flags:
#   pre: false
#   features: []
#   all-features: false
#   with-sources: false

-e file:.
llvmlite==0.42.0
    # via numba
numba==0.59.1
    # via decision-tree-morfist
numpy==1.26.4
    # via decision-tree-morfist
    # via numba
    # via scipy
scipy==1.13.0
    # via decision-tree-morfist
